
Microsoft Visual Studio Solution File, Format Version 12.00
# Visual Studio 15
VisualStudioVersion = 15.0.27130.2027
MinimumVisualStudioVersion = 10.0.40219.1
Project("{9A19103F-16F7-4668-BE54-9A1E7A4F7556}") = "Indice.AspNet", "src\Indice.AspNet\Indice.AspNet.csproj", "{79DC5373-B0EC-4C08-AB21-C37B0E691C82}"
EndProject
Project("{2150E333-8FDC-42A3-9474-1A3956D46DE8}") = "Solution Items", "Solution Items", "{B8EB253B-A436-4F17-BFFC-C0E975FB0D48}"
	ProjectSection(SolutionItems) = preProject
		LICENSE = LICENSE
		README.md = README.md
	EndProjectSection
EndProject
Project("{FAE04EC0-301F-11D3-BF4B-00C04F79EFBC}") = "Indice.AspNetCore", "src\Indice.AspNetCore\Indice.AspNetCore.csproj", "{3C834EBE-6B8C-4ED8-B552-8A51AA29691E}"
EndProject
Global
	GlobalSection(SolutionConfigurationPlatforms) = preSolution
		Debug|Any CPU = Debug|Any CPU
		Release|Any CPU = Release|Any CPU
	EndGlobalSection
	GlobalSection(ProjectConfigurationPlatforms) = postSolution
		{79DC5373-B0EC-4C08-AB21-C37B0E691C82}.Debug|Any CPU.ActiveCfg = Debug|Any CPU
		{79DC5373-B0EC-4C08-AB21-C37B0E691C82}.Debug|Any CPU.Build.0 = Debug|Any CPU
		{79DC5373-B0EC-4C08-AB21-C37B0E691C82}.Release|Any CPU.ActiveCfg = Release|Any CPU
		{79DC5373-B0EC-4C08-AB21-C37B0E691C82}.Release|Any CPU.Build.0 = Release|Any CPU
		{3C834EBE-6B8C-4ED8-B552-8A51AA29691E}.Debug|Any CPU.ActiveCfg = Debug|Any CPU
		{3C834EBE-6B8C-4ED8-B552-8A51AA29691E}.Debug|Any CPU.Build.0 = Debug|Any CPU
		{3C834EBE-6B8C-4ED8-B552-8A51AA29691E}.Release|Any CPU.ActiveCfg = Release|Any CPU
		{3C834EBE-6B8C-4ED8-B552-8A51AA29691E}.Release|Any CPU.Build.0 = Release|Any CPU
	EndGlobalSection
	GlobalSection(SolutionProperties) = preSolution
		HideSolutionNode = FALSE
	EndGlobalSection
	GlobalSection(ExtensibilityGlobals) = postSolution
		SolutionGuid = {C2B9151E-8A85-444E-93A9-78264FD0FE4A}
	EndGlobalSection
EndGlobal
