Microsoft Visual Studio Solution File, Format Version 12.00
# Visual Studio Version 17
VisualStudioVersion = 17.0.31912.275
MinimumVisualStudioVersion = 10.0.40219.1
Project("{9A19103F-16F7-4668-BE54-9A1E7A4F7556}") = "Indice.AspNet", "src\Indice.AspNet\Indice.AspNet.csproj", "{79DC5373-B0EC-4C08-AB21-C37B0E691C82}"
EndProject
Project("{2150E333-8FDC-42A3-9474-1A3956D46DE8}") = ".misc", ".misc", "{B8EB253B-A436-4F17-BFFC-C0E975FB0D48}"
	ProjectSection(SolutionItems) = preProject
		.editorconfig = .editorconfig
		.gitignore = .gitignore
		appveyor.yml = appveyor.yml
		LICENSE = LICENSE
		local-feed.ps1 = local-feed.ps1
		NuGet.config = NuGet.config
		pack.ps1 = pack.ps1
		README-DOCKER.md = README-DOCKER.md
		README.md = README.md
	EndProjectSection
EndProject
Project("{9A19103F-16F7-4668-BE54-9A1E7A4F7556}") = "Indice.AspNetCore", "src\Indice.AspNetCore\Indice.AspNetCore.csproj", "{3C834EBE-6B8C-4ED8-B552-8A51AA29691E}"
EndProject
Project("{9A19103F-16F7-4668-BE54-9A1E7A4F7556}") = "Indice.Common", "src\Indice.Common\Indice.Common.csproj", "{5AAC8FA4-52B4-4C5A-91A3-BB5CFDED8F2C}"
EndProject
Project("{9A19103F-16F7-4668-BE54-9A1E7A4F7556}") = "Indice.Common.Tests", "test\Indice.Common.Tests\Indice.Common.Tests.csproj", "{4E141F9C-3F7C-4312-B725-201919849E7D}"
EndProject
Project("{2150E333-8FDC-42A3-9474-1A3956D46DE8}") = "test", "test", "{613A1373-9A47-42DD-A076-7F310D0440B9}"
	ProjectSection(SolutionItems) = preProject
		test\Directory.Build.props = test\Directory.Build.props
		test\Directory.Build.targets = test\Directory.Build.targets
	EndProjectSection
EndProject
Project("{2150E333-8FDC-42A3-9474-1A3956D46DE8}") = "src", "src", "{643960D9-48C5-4EA3-BED5-486CCC694947}"
	ProjectSection(SolutionItems) = preProject
		src\Directory.Build.props = src\Directory.Build.props
		src\Directory.Build.targets = src\Directory.Build.targets
	EndProjectSection
EndProject
Project("{9A19103F-16F7-4668-BE54-9A1E7A4F7556}") = "Indice.Services", "src\Indice.Services\Indice.Services.csproj", "{59D4AEFD-FF4C-48A0-B7FE-51CD965DCD8E}"
EndProject
Project("{9A19103F-16F7-4668-BE54-9A1E7A4F7556}") = "Indice.AspNetCore.Identity", "src\Indice.AspNetCore.Identity\Indice.AspNetCore.Identity.csproj", "{E2641A2F-CFCF-4BBE-9409-90A136BD35F9}"
EndProject
Project("{9A19103F-16F7-4668-BE54-9A1E7A4F7556}") = "Indice.EntityFrameworkCore", "src\Indice.EntityFrameworkCore\Indice.EntityFrameworkCore.csproj", "{CD98B358-A5DD-4E3C-963E-69CADA485059}"
EndProject
Project("{9A19103F-16F7-4668-BE54-9A1E7A4F7556}") = "Indice.Services.Tests", "test\Indice.Services.Tests\Indice.Services.Tests.csproj", "{CC1D70BD-1FBD-491F-B85A-DA4B9CF08C05}"
EndProject
Project("{9A19103F-16F7-4668-BE54-9A1E7A4F7556}") = "Indice.Hosting", "src\Indice.Hosting\Indice.Hosting.csproj", "{DF4A58DA-8DD7-4E4C-9137-CA6FBA695F0B}"
EndProject
Project("{9A19103F-16F7-4668-BE54-9A1E7A4F7556}") = "Indice.Features.Identity.AdminUI", "src\Indice.Features.Identity.AdminUI\Indice.Features.Identity.AdminUI.csproj", "{6C5B31E5-3CAE-4B07-B7EA-5C08AC46D486}"
EndProject
Project("{9A19103F-16F7-4668-BE54-9A1E7A4F7556}") = "Indice.Features.Multitenancy.AspNetCore", "src\Indice.Features.Multitenancy.AspNetCore\Indice.Features.Multitenancy.AspNetCore.csproj", "{2385A145-8440-4B25-9029-B01576177D2D}"
EndProject
Project("{9A19103F-16F7-4668-BE54-9A1E7A4F7556}") = "Indice.Features.Identity.Tests", "test\Indice.Features.Identity.Tests\Indice.Features.Identity.Tests.csproj", "{5522D3E7-2AF3-4C6D-91D5-2BDA2F860F38}"
EndProject
Project("{9A19103F-16F7-4668-BE54-9A1E7A4F7556}") = "Indice.AspNetCore.Authentication.Apple", "src\Indice.AspNetCore.Authentication.Apple\Indice.AspNetCore.Authentication.Apple.csproj", "{BFDCA639-03C0-4E7A-AEEA-79C4C016E6C9}"
EndProject
Project("{9A19103F-16F7-4668-BE54-9A1E7A4F7556}") = "Indice.Features.Messages.AspNetCore", "src\Indice.Features.Messages.AspNetCore\Indice.Features.Messages.AspNetCore.csproj", "{6E025904-03D4-4010-A9AD-02B2A0F95200}"
EndProject
Project("{9A19103F-16F7-4668-BE54-9A1E7A4F7556}") = "Indice.Features.Messages.UI", "src\Indice.Features.Messages.UI\Indice.Features.Messages.UI.csproj", "{C2CD0301-195C-4780-9BAF-0DCA9357BB76}"
EndProject
Project("{9A19103F-16F7-4668-BE54-9A1E7A4F7556}") = "Indice.AspNetCore.Authentication.GovGr", "src\Indice.AspNetCore.Authentication.GovGr\Indice.AspNetCore.Authentication.GovGr.csproj", "{433CA241-B811-4079-9C3C-5DF9726CC7F8}"
EndProject
Project("{9A19103F-16F7-4668-BE54-9A1E7A4F7556}") = "Indice.AspNetCore.EmbeddedUI", "src\Indice.AspNetCore.EmbeddedUI\Indice.AspNetCore.EmbeddedUI.csproj", "{18A6983F-88C7-4CDC-91AD-B82BA0A22D6F}"
EndProject
Project("{9A19103F-16F7-4668-BE54-9A1E7A4F7556}") = "Indice.Extensions.Configuration.Database", "src\Indice.Extensions.Configuration.Database\Indice.Extensions.Configuration.Database.csproj", "{EB571641-DC02-435E-82B4-D00485F49392}"
EndProject
Project("{9A19103F-16F7-4668-BE54-9A1E7A4F7556}") = "Indice.Features.Messages.Worker", "src\Indice.Features.Messages.Worker\Indice.Features.Messages.Worker.csproj", "{CF1AA972-0F9F-4FEB-BF54-519D0067B3C1}"
EndProject
Project("{9A19103F-16F7-4668-BE54-9A1E7A4F7556}") = "Indice.Features.Messages.Worker.Azure", "src\Indice.Features.Messages.Worker.Azure\Indice.Features.Messages.Worker.Azure.csproj", "{B7AA6019-53F8-4239-BA70-36675267B24E}"
EndProject
Project("{9A19103F-16F7-4668-BE54-9A1E7A4F7556}") = "Indice.Features.Messages.Core", "src\Indice.Features.Messages.Core\Indice.Features.Messages.Core.csproj", "{D260ADF3-9C2F-40BE-821D-859938E15EB4}"
EndProject
Project("{9A19103F-16F7-4668-BE54-9A1E7A4F7556}") = "Indice.AspNetCore.Tests", "test\Indice.AspNetCore.Tests\Indice.AspNetCore.Tests.csproj", "{10DDF041-7564-4009-B108-E87427CFC524}"
EndProject
Project("{9A19103F-16F7-4668-BE54-9A1E7A4F7556}") = "Indice.AspNetCore.Views", "test\Indice.AspNetCore.Views\Indice.AspNetCore.Views.csproj", "{A1E3CF4C-271D-4FC7-86A2-604B41DA8CAB}"
EndProject
Project("{9A19103F-16F7-4668-BE54-9A1E7A4F7556}") = "Indice.Features.Messages.Tests", "test\Indice.Features.Messages.Tests\Indice.Features.Messages.Tests.csproj", "{C30917BF-E72B-4BED-8782-3CE246D556ED}"
EndProject
Project("{9A19103F-16F7-4668-BE54-9A1E7A4F7556}") = "Indice.Features.Cases.UI", "src\Indice.Features.Cases.UI\Indice.Features.Cases.UI.csproj", "{219BD076-9F23-4926-ADC9-8076E5D7A487}"
EndProject
Project("{9A19103F-16F7-4668-BE54-9A1E7A4F7556}") = "Indice.Features.Cases.Tests", "test\Indice.Features.Cases.AspNetCore.Tests\Indice.Features.Cases.Tests.csproj", "{27B9E8A1-3CD2-4DCE-A9D9-76ACDBA5A63B}"
EndProject
Project("{9A19103F-16F7-4668-BE54-9A1E7A4F7556}") = "Indice.Features.Cases.AspNetCore", "src\Indice.Features.Cases.AspNetCore\Indice.Features.Cases.AspNetCore.csproj", "{1E076795-E6B5-4620-B006-6BF5AE9CD5EA}"
EndProject
Project("{9A19103F-16F7-4668-BE54-9A1E7A4F7556}") = "Indice.Features.Multitenancy.Core", "src\Indice.Features.Multitenancy.Core\Indice.Features.Multitenancy.Core.csproj", "{3F69A2FA-0DC2-45B7-AA46-6A99CE9CBD53}"
EndProject
Project("{9A19103F-16F7-4668-BE54-9A1E7A4F7556}") = "Indice.Features.Multitenancy.Worker.Azure", "src\Indice.Features.Multitenancy.Worker.Azure\Indice.Features.Multitenancy.Worker.Azure.csproj", "{F29C9080-A97C-42C7-AB2B-F0D1EA431EC5}"
EndProject
Project("{9A19103F-16F7-4668-BE54-9A1E7A4F7556}") = "Indice.Features.GovGr", "src\Indice.Features.GovGr\Indice.Features.GovGr.csproj", "{BA6B3853-FB1D-4164-8B9C-D1F8F2CB54B9}"
EndProject
Project("{9A19103F-16F7-4668-BE54-9A1E7A4F7556}") = "Indice.Features.GovGr.Tests", "test\Indice.Features.GovGr.Tests\Indice.Features.GovGr.Tests.csproj", "{B93E28CD-0ECD-4827-B474-9FD64585E850}"
EndProject
Project("{9A19103F-16F7-4668-BE54-9A1E7A4F7556}") = "Indice.Features.Identity.UI", "src\Indice.Features.Identity.UI\Indice.Features.Identity.UI.csproj", "{06EF655C-5DD7-4415-A8B5-7578FC85F5B0}"
EndProject
Project("{9A19103F-16F7-4668-BE54-9A1E7A4F7556}") = "Indice.Features.Identity.Core", "src\Indice.Features.Identity.Core\Indice.Features.Identity.Core.csproj", "{66D58583-A0A9-4666-A250-7E34299A031A}"
EndProject
Project("{9A19103F-16F7-4668-BE54-9A1E7A4F7556}") = "Indice.Features.Identity.Server", "src\Indice.Features.Identity.Server\Indice.Features.Identity.Server.csproj", "{D304A4FA-3773-4BB6-A59B-D75B91BA6EF9}"
EndProject
Project("{9A19103F-16F7-4668-BE54-9A1E7A4F7556}") = "Indice.Features.Identity.SignInLogs", "src\Indice.Features.Identity.SignInLogs\Indice.Features.Identity.SignInLogs.csproj", "{2D87BC5B-FB1E-4D18-9BC3-B7ED78CC3CF1}"
EndProject
Project("{9A19103F-16F7-4668-BE54-9A1E7A4F7556}") = "Indice.Features.Cases.Server", "src\Indice.Features.Cases.Server\Indice.Features.Cases.Server.csproj", "{12ABEA48-F314-4044-9753-426B5FC01F3C}"
EndProject
Project("{9A19103F-16F7-4668-BE54-9A1E7A4F7556}") = "Indice.Features.Risk.Core", "src\Indice.Features.Risk.Core\Indice.Features.Risk.Core.csproj", "{A6196CEC-086A-468A-9E3C-74C6D16435DB}"
EndProject
Project("{9A19103F-16F7-4668-BE54-9A1E7A4F7556}") = "Indice.Features.Risk.Server", "src\Indice.Features.Risk.Server\Indice.Features.Risk.Server.csproj", "{4012510C-029F-4AA0-B1C5-13AFB763A848}"
EndProject
Project("{9A19103F-16F7-4668-BE54-9A1E7A4F7556}") = "Indice.Features.Risk.Tests", "test\Indice.Features.Risk.Tests\Indice.Features.Risk.Tests.csproj", "{D39DFEBF-C818-42AB-9B8A-EA080D102606}"
EndProject
Project("{9A19103F-16F7-4668-BE54-9A1E7A4F7556}") = "Indice.Features.Media.AspNetCore", "src\Indice.Features.Media.AspNetCore\Indice.Features.Media.AspNetCore.csproj", "{FDFC28D4-8090-49B1-AD6F-8908D806F297}"
EndProject
Project("{9A19103F-16F7-4668-BE54-9A1E7A4F7556}") = "Indice.Features.Risk.UI", "src\Indice.Features.Risk.UI\Indice.Features.Risk.UI.csproj", "{AF9967E0-0C9A-4266-8AE2-84EEE180A255}"
EndProject
Project("{54A90642-561A-4BB1-A94E-469ADEE60C69}") = "Indice.Features.Cases.App", "src\Indice.Features.Cases.App\Indice.Features.Cases.App.esproj", "{DD10ADD2-A9FC-49F0-906A-396B7A44534E}"
EndProject
Project("{54A90642-561A-4BB1-A94E-469ADEE60C69}") = "Indice.Features.Identity.AdminUI.App", "src\Indice.Features.Identity.AdminUI.App\Indice.Features.Identity.AdminUI.App.esproj", "{CAA0AB3B-3128-4040-8A34-6D4FA4E6DAED}"
EndProject
Project("{54A90642-561A-4BB1-A94E-469ADEE60C69}") = "Indice.Features.Messages.App", "src\Indice.Features.Messages.App\Indice.Features.Messages.App.esproj", "{51E64F18-5DED-4896-90A7-7F37794629FE}"
EndProject
Project("{54A90642-561A-4BB1-A94E-469ADEE60C69}") = "Indice.Features.Risk.App", "src\Indice.Features.Risk.App\Indice.Features.Risk.App.esproj", "{9A54D5CE-7425-48BD-9344-5C907E8FAD1D}"
EndProject
Project("{2150E333-8FDC-42A3-9474-1A3956D46DE8}") = ".github", ".github", "{3244A2DB-42EF-48B6-A50B-7A770122DC93}"
	ProjectSection(SolutionItems) = preProject
		.github\workflows\buid.yml = .github\workflows\buid.yml
		.github\workflows\codeql.yml = .github\workflows\codeql.yml
		.github\workflows\publish_to_nuget.yml = .github\workflows\publish_to_nuget.yml
	EndProjectSection
EndProject
Project("{9A19103F-16F7-4668-BE54-9A1E7A4F7556}") = "Indice.EcmaScript.Tests", "test\Indice.EcmaScript.Tests\Indice.EcmaScript.Tests.csproj", "{BC1A086C-EE56-4323-BC51-F7590B2DBA1F}"
EndProject
Global
	GlobalSection(SolutionConfigurationPlatforms) = preSolution
		Debug|Any CPU = Debug|Any CPU
		Release|Any CPU = Release|Any CPU
	EndGlobalSection
	GlobalSection(ProjectConfigurationPlatforms) = postSolution
		{79DC5373-B0EC-4C08-AB21-C37B0E691C82}.Debug|Any CPU.ActiveCfg = Debug|Any CPU
		{79DC5373-B0EC-4C08-AB21-C37B0E691C82}.Debug|Any CPU.Build.0 = Debug|Any CPU
		{79DC5373-B0EC-4C08-AB21-C37B0E691C82}.Release|Any CPU.ActiveCfg = Release|Any CPU
		{79DC5373-B0EC-4C08-AB21-C37B0E691C82}.Release|Any CPU.Build.0 = Release|Any CPU
		{3C834EBE-6B8C-4ED8-B552-8A51AA29691E}.Debug|Any CPU.ActiveCfg = Debug|Any CPU
		{3C834EBE-6B8C-4ED8-B552-8A51AA29691E}.Debug|Any CPU.Build.0 = Debug|Any CPU
		{3C834EBE-6B8C-4ED8-B552-8A51AA29691E}.Release|Any CPU.ActiveCfg = Release|Any CPU
		{3C834EBE-6B8C-4ED8-B552-8A51AA29691E}.Release|Any CPU.Build.0 = Release|Any CPU
		{5AAC8FA4-52B4-4C5A-91A3-BB5CFDED8F2C}.Debug|Any CPU.ActiveCfg = Debug|Any CPU
		{5AAC8FA4-52B4-4C5A-91A3-BB5CFDED8F2C}.Debug|Any CPU.Build.0 = Debug|Any CPU
		{5AAC8FA4-52B4-4C5A-91A3-BB5CFDED8F2C}.Release|Any CPU.ActiveCfg = Release|Any CPU
		{5AAC8FA4-52B4-4C5A-91A3-BB5CFDED8F2C}.Release|Any CPU.Build.0 = Release|Any CPU
		{4E141F9C-3F7C-4312-B725-201919849E7D}.Debug|Any CPU.ActiveCfg = Debug|Any CPU
		{4E141F9C-3F7C-4312-B725-201919849E7D}.Debug|Any CPU.Build.0 = Debug|Any CPU
		{4E141F9C-3F7C-4312-B725-201919849E7D}.Release|Any CPU.ActiveCfg = Release|Any CPU
		{4E141F9C-3F7C-4312-B725-201919849E7D}.Release|Any CPU.Build.0 = Release|Any CPU
		{59D4AEFD-FF4C-48A0-B7FE-51CD965DCD8E}.Debug|Any CPU.ActiveCfg = Debug|Any CPU
		{59D4AEFD-FF4C-48A0-B7FE-51CD965DCD8E}.Debug|Any CPU.Build.0 = Debug|Any CPU
		{59D4AEFD-FF4C-48A0-B7FE-51CD965DCD8E}.Release|Any CPU.ActiveCfg = Release|Any CPU
		{59D4AEFD-FF4C-48A0-B7FE-51CD965DCD8E}.Release|Any CPU.Build.0 = Release|Any CPU
		{E2641A2F-CFCF-4BBE-9409-90A136BD35F9}.Debug|Any CPU.ActiveCfg = Debug|Any CPU
		{E2641A2F-CFCF-4BBE-9409-90A136BD35F9}.Debug|Any CPU.Build.0 = Debug|Any CPU
		{E2641A2F-CFCF-4BBE-9409-90A136BD35F9}.Release|Any CPU.ActiveCfg = Release|Any CPU
		{E2641A2F-CFCF-4BBE-9409-90A136BD35F9}.Release|Any CPU.Build.0 = Release|Any CPU
		{CD98B358-A5DD-4E3C-963E-69CADA485059}.Debug|Any CPU.ActiveCfg = Debug|Any CPU
		{CD98B358-A5DD-4E3C-963E-69CADA485059}.Debug|Any CPU.Build.0 = Debug|Any CPU
		{CD98B358-A5DD-4E3C-963E-69CADA485059}.Release|Any CPU.ActiveCfg = Release|Any CPU
		{CD98B358-A5DD-4E3C-963E-69CADA485059}.Release|Any CPU.Build.0 = Release|Any CPU
		{CC1D70BD-1FBD-491F-B85A-DA4B9CF08C05}.Debug|Any CPU.ActiveCfg = Debug|Any CPU
		{CC1D70BD-1FBD-491F-B85A-DA4B9CF08C05}.Debug|Any CPU.Build.0 = Debug|Any CPU
		{CC1D70BD-1FBD-491F-B85A-DA4B9CF08C05}.Release|Any CPU.ActiveCfg = Release|Any CPU
		{CC1D70BD-1FBD-491F-B85A-DA4B9CF08C05}.Release|Any CPU.Build.0 = Release|Any CPU
		{DF4A58DA-8DD7-4E4C-9137-CA6FBA695F0B}.Debug|Any CPU.ActiveCfg = Debug|Any CPU
		{DF4A58DA-8DD7-4E4C-9137-CA6FBA695F0B}.Debug|Any CPU.Build.0 = Debug|Any CPU
		{DF4A58DA-8DD7-4E4C-9137-CA6FBA695F0B}.Release|Any CPU.ActiveCfg = Release|Any CPU
		{DF4A58DA-8DD7-4E4C-9137-CA6FBA695F0B}.Release|Any CPU.Build.0 = Release|Any CPU
		{6C5B31E5-3CAE-4B07-B7EA-5C08AC46D486}.Debug|Any CPU.ActiveCfg = Debug|Any CPU
		{6C5B31E5-3CAE-4B07-B7EA-5C08AC46D486}.Debug|Any CPU.Build.0 = Debug|Any CPU
		{6C5B31E5-3CAE-4B07-B7EA-5C08AC46D486}.Release|Any CPU.ActiveCfg = Release|Any CPU
		{6C5B31E5-3CAE-4B07-B7EA-5C08AC46D486}.Release|Any CPU.Build.0 = Release|Any CPU
		{2385A145-8440-4B25-9029-B01576177D2D}.Debug|Any CPU.ActiveCfg = Debug|Any CPU
		{2385A145-8440-4B25-9029-B01576177D2D}.Debug|Any CPU.Build.0 = Debug|Any CPU
		{2385A145-8440-4B25-9029-B01576177D2D}.Release|Any CPU.ActiveCfg = Release|Any CPU
		{2385A145-8440-4B25-9029-B01576177D2D}.Release|Any CPU.Build.0 = Release|Any CPU
		{5522D3E7-2AF3-4C6D-91D5-2BDA2F860F38}.Debug|Any CPU.ActiveCfg = Debug|Any CPU
		{5522D3E7-2AF3-4C6D-91D5-2BDA2F860F38}.Debug|Any CPU.Build.0 = Debug|Any CPU
		{5522D3E7-2AF3-4C6D-91D5-2BDA2F860F38}.Release|Any CPU.ActiveCfg = Release|Any CPU
		{5522D3E7-2AF3-4C6D-91D5-2BDA2F860F38}.Release|Any CPU.Build.0 = Release|Any CPU
		{BFDCA639-03C0-4E7A-AEEA-79C4C016E6C9}.Debug|Any CPU.ActiveCfg = Debug|Any CPU
		{BFDCA639-03C0-4E7A-AEEA-79C4C016E6C9}.Debug|Any CPU.Build.0 = Debug|Any CPU
		{BFDCA639-03C0-4E7A-AEEA-79C4C016E6C9}.Release|Any CPU.ActiveCfg = Release|Any CPU
		{BFDCA639-03C0-4E7A-AEEA-79C4C016E6C9}.Release|Any CPU.Build.0 = Release|Any CPU
		{6E025904-03D4-4010-A9AD-02B2A0F95200}.Debug|Any CPU.ActiveCfg = Debug|Any CPU
		{6E025904-03D4-4010-A9AD-02B2A0F95200}.Debug|Any CPU.Build.0 = Debug|Any CPU
		{6E025904-03D4-4010-A9AD-02B2A0F95200}.Release|Any CPU.ActiveCfg = Release|Any CPU
		{6E025904-03D4-4010-A9AD-02B2A0F95200}.Release|Any CPU.Build.0 = Release|Any CPU
		{C2CD0301-195C-4780-9BAF-0DCA9357BB76}.Debug|Any CPU.ActiveCfg = Debug|Any CPU
		{C2CD0301-195C-4780-9BAF-0DCA9357BB76}.Debug|Any CPU.Build.0 = Debug|Any CPU
		{C2CD0301-195C-4780-9BAF-0DCA9357BB76}.Release|Any CPU.ActiveCfg = Release|Any CPU
		{C2CD0301-195C-4780-9BAF-0DCA9357BB76}.Release|Any CPU.Build.0 = Release|Any CPU
		{433CA241-B811-4079-9C3C-5DF9726CC7F8}.Debug|Any CPU.ActiveCfg = Debug|Any CPU
		{433CA241-B811-4079-9C3C-5DF9726CC7F8}.Debug|Any CPU.Build.0 = Debug|Any CPU
		{433CA241-B811-4079-9C3C-5DF9726CC7F8}.Release|Any CPU.ActiveCfg = Release|Any CPU
		{433CA241-B811-4079-9C3C-5DF9726CC7F8}.Release|Any CPU.Build.0 = Release|Any CPU
		{18A6983F-88C7-4CDC-91AD-B82BA0A22D6F}.Debug|Any CPU.ActiveCfg = Debug|Any CPU
		{18A6983F-88C7-4CDC-91AD-B82BA0A22D6F}.Debug|Any CPU.Build.0 = Debug|Any CPU
		{18A6983F-88C7-4CDC-91AD-B82BA0A22D6F}.Release|Any CPU.ActiveCfg = Release|Any CPU
		{18A6983F-88C7-4CDC-91AD-B82BA0A22D6F}.Release|Any CPU.Build.0 = Release|Any CPU
		{EB571641-DC02-435E-82B4-D00485F49392}.Debug|Any CPU.ActiveCfg = Debug|Any CPU
		{EB571641-DC02-435E-82B4-D00485F49392}.Debug|Any CPU.Build.0 = Debug|Any CPU
		{EB571641-DC02-435E-82B4-D00485F49392}.Release|Any CPU.ActiveCfg = Release|Any CPU
		{EB571641-DC02-435E-82B4-D00485F49392}.Release|Any CPU.Build.0 = Release|Any CPU
		{CF1AA972-0F9F-4FEB-BF54-519D0067B3C1}.Debug|Any CPU.ActiveCfg = Debug|Any CPU
		{CF1AA972-0F9F-4FEB-BF54-519D0067B3C1}.Debug|Any CPU.Build.0 = Debug|Any CPU
		{CF1AA972-0F9F-4FEB-BF54-519D0067B3C1}.Release|Any CPU.ActiveCfg = Release|Any CPU
		{CF1AA972-0F9F-4FEB-BF54-519D0067B3C1}.Release|Any CPU.Build.0 = Release|Any CPU
		{B7AA6019-53F8-4239-BA70-36675267B24E}.Debug|Any CPU.ActiveCfg = Debug|Any CPU
		{B7AA6019-53F8-4239-BA70-36675267B24E}.Debug|Any CPU.Build.0 = Debug|Any CPU
		{B7AA6019-53F8-4239-BA70-36675267B24E}.Release|Any CPU.ActiveCfg = Release|Any CPU
		{B7AA6019-53F8-4239-BA70-36675267B24E}.Release|Any CPU.Build.0 = Release|Any CPU
		{D260ADF3-9C2F-40BE-821D-859938E15EB4}.Debug|Any CPU.ActiveCfg = Debug|Any CPU
		{D260ADF3-9C2F-40BE-821D-859938E15EB4}.Debug|Any CPU.Build.0 = Debug|Any CPU
		{D260ADF3-9C2F-40BE-821D-859938E15EB4}.Release|Any CPU.ActiveCfg = Release|Any CPU
		{D260ADF3-9C2F-40BE-821D-859938E15EB4}.Release|Any CPU.Build.0 = Release|Any CPU
		{10DDF041-7564-4009-B108-E87427CFC524}.Debug|Any CPU.ActiveCfg = Debug|Any CPU
		{10DDF041-7564-4009-B108-E87427CFC524}.Debug|Any CPU.Build.0 = Debug|Any CPU
		{10DDF041-7564-4009-B108-E87427CFC524}.Release|Any CPU.ActiveCfg = Release|Any CPU
		{10DDF041-7564-4009-B108-E87427CFC524}.Release|Any CPU.Build.0 = Release|Any CPU
		{A1E3CF4C-271D-4FC7-86A2-604B41DA8CAB}.Debug|Any CPU.ActiveCfg = Debug|Any CPU
		{A1E3CF4C-271D-4FC7-86A2-604B41DA8CAB}.Debug|Any CPU.Build.0 = Debug|Any CPU
		{A1E3CF4C-271D-4FC7-86A2-604B41DA8CAB}.Release|Any CPU.ActiveCfg = Release|Any CPU
		{A1E3CF4C-271D-4FC7-86A2-604B41DA8CAB}.Release|Any CPU.Build.0 = Release|Any CPU
		{C30917BF-E72B-4BED-8782-3CE246D556ED}.Debug|Any CPU.ActiveCfg = Debug|Any CPU
		{C30917BF-E72B-4BED-8782-3CE246D556ED}.Debug|Any CPU.Build.0 = Debug|Any CPU
		{C30917BF-E72B-4BED-8782-3CE246D556ED}.Release|Any CPU.ActiveCfg = Release|Any CPU
		{C30917BF-E72B-4BED-8782-3CE246D556ED}.Release|Any CPU.Build.0 = Release|Any CPU
		{219BD076-9F23-4926-ADC9-8076E5D7A487}.Debug|Any CPU.ActiveCfg = Debug|Any CPU
		{219BD076-9F23-4926-ADC9-8076E5D7A487}.Debug|Any CPU.Build.0 = Debug|Any CPU
		{219BD076-9F23-4926-ADC9-8076E5D7A487}.Release|Any CPU.ActiveCfg = Release|Any CPU
		{219BD076-9F23-4926-ADC9-8076E5D7A487}.Release|Any CPU.Build.0 = Release|Any CPU
		{27B9E8A1-3CD2-4DCE-A9D9-76ACDBA5A63B}.Debug|Any CPU.ActiveCfg = Debug|Any CPU
		{27B9E8A1-3CD2-4DCE-A9D9-76ACDBA5A63B}.Debug|Any CPU.Build.0 = Debug|Any CPU
		{27B9E8A1-3CD2-4DCE-A9D9-76ACDBA5A63B}.Release|Any CPU.ActiveCfg = Release|Any CPU
		{27B9E8A1-3CD2-4DCE-A9D9-76ACDBA5A63B}.Release|Any CPU.Build.0 = Release|Any CPU
		{1E076795-E6B5-4620-B006-6BF5AE9CD5EA}.Debug|Any CPU.ActiveCfg = Debug|Any CPU
		{1E076795-E6B5-4620-B006-6BF5AE9CD5EA}.Debug|Any CPU.Build.0 = Debug|Any CPU
		{1E076795-E6B5-4620-B006-6BF5AE9CD5EA}.Release|Any CPU.ActiveCfg = Release|Any CPU
		{1E076795-E6B5-4620-B006-6BF5AE9CD5EA}.Release|Any CPU.Build.0 = Release|Any CPU
		{3F69A2FA-0DC2-45B7-AA46-6A99CE9CBD53}.Debug|Any CPU.ActiveCfg = Debug|Any CPU
		{3F69A2FA-0DC2-45B7-AA46-6A99CE9CBD53}.Debug|Any CPU.Build.0 = Debug|Any CPU
		{3F69A2FA-0DC2-45B7-AA46-6A99CE9CBD53}.Release|Any CPU.ActiveCfg = Release|Any CPU
		{3F69A2FA-0DC2-45B7-AA46-6A99CE9CBD53}.Release|Any CPU.Build.0 = Release|Any CPU
		{F29C9080-A97C-42C7-AB2B-F0D1EA431EC5}.Debug|Any CPU.ActiveCfg = Debug|Any CPU
		{F29C9080-A97C-42C7-AB2B-F0D1EA431EC5}.Debug|Any CPU.Build.0 = Debug|Any CPU
		{F29C9080-A97C-42C7-AB2B-F0D1EA431EC5}.Release|Any CPU.ActiveCfg = Release|Any CPU
		{F29C9080-A97C-42C7-AB2B-F0D1EA431EC5}.Release|Any CPU.Build.0 = Release|Any CPU
		{BA6B3853-FB1D-4164-8B9C-D1F8F2CB54B9}.Debug|Any CPU.ActiveCfg = Debug|Any CPU
		{BA6B3853-FB1D-4164-8B9C-D1F8F2CB54B9}.Debug|Any CPU.Build.0 = Debug|Any CPU
		{BA6B3853-FB1D-4164-8B9C-D1F8F2CB54B9}.Release|Any CPU.ActiveCfg = Release|Any CPU
		{BA6B3853-FB1D-4164-8B9C-D1F8F2CB54B9}.Release|Any CPU.Build.0 = Release|Any CPU
		{B93E28CD-0ECD-4827-B474-9FD64585E850}.Debug|Any CPU.ActiveCfg = Debug|Any CPU
		{B93E28CD-0ECD-4827-B474-9FD64585E850}.Debug|Any CPU.Build.0 = Debug|Any CPU
		{B93E28CD-0ECD-4827-B474-9FD64585E850}.Release|Any CPU.ActiveCfg = Release|Any CPU
		{B93E28CD-0ECD-4827-B474-9FD64585E850}.Release|Any CPU.Build.0 = Release|Any CPU
		{06EF655C-5DD7-4415-A8B5-7578FC85F5B0}.Debug|Any CPU.ActiveCfg = Debug|Any CPU
		{06EF655C-5DD7-4415-A8B5-7578FC85F5B0}.Debug|Any CPU.Build.0 = Debug|Any CPU
		{06EF655C-5DD7-4415-A8B5-7578FC85F5B0}.Release|Any CPU.ActiveCfg = Release|Any CPU
		{06EF655C-5DD7-4415-A8B5-7578FC85F5B0}.Release|Any CPU.Build.0 = Release|Any CPU
		{66D58583-A0A9-4666-A250-7E34299A031A}.Debug|Any CPU.ActiveCfg = Debug|Any CPU
		{66D58583-A0A9-4666-A250-7E34299A031A}.Debug|Any CPU.Build.0 = Debug|Any CPU
		{66D58583-A0A9-4666-A250-7E34299A031A}.Release|Any CPU.ActiveCfg = Release|Any CPU
		{66D58583-A0A9-4666-A250-7E34299A031A}.Release|Any CPU.Build.0 = Release|Any CPU
		{D304A4FA-3773-4BB6-A59B-D75B91BA6EF9}.Debug|Any CPU.ActiveCfg = Debug|Any CPU
		{D304A4FA-3773-4BB6-A59B-D75B91BA6EF9}.Debug|Any CPU.Build.0 = Debug|Any CPU
		{D304A4FA-3773-4BB6-A59B-D75B91BA6EF9}.Release|Any CPU.ActiveCfg = Release|Any CPU
		{D304A4FA-3773-4BB6-A59B-D75B91BA6EF9}.Release|Any CPU.Build.0 = Release|Any CPU
		{2D87BC5B-FB1E-4D18-9BC3-B7ED78CC3CF1}.Debug|Any CPU.ActiveCfg = Debug|Any CPU
		{2D87BC5B-FB1E-4D18-9BC3-B7ED78CC3CF1}.Debug|Any CPU.Build.0 = Debug|Any CPU
		{2D87BC5B-FB1E-4D18-9BC3-B7ED78CC3CF1}.Release|Any CPU.ActiveCfg = Release|Any CPU
		{2D87BC5B-FB1E-4D18-9BC3-B7ED78CC3CF1}.Release|Any CPU.Build.0 = Release|Any CPU
		{12ABEA48-F314-4044-9753-426B5FC01F3C}.Debug|Any CPU.ActiveCfg = Debug|Any CPU
		{12ABEA48-F314-4044-9753-426B5FC01F3C}.Debug|Any CPU.Build.0 = Debug|Any CPU
		{12ABEA48-F314-4044-9753-426B5FC01F3C}.Release|Any CPU.ActiveCfg = Release|Any CPU
		{12ABEA48-F314-4044-9753-426B5FC01F3C}.Release|Any CPU.Build.0 = Release|Any CPU
		{A6196CEC-086A-468A-9E3C-74C6D16435DB}.Debug|Any CPU.ActiveCfg = Debug|Any CPU
		{A6196CEC-086A-468A-9E3C-74C6D16435DB}.Debug|Any CPU.Build.0 = Debug|Any CPU
		{A6196CEC-086A-468A-9E3C-74C6D16435DB}.Release|Any CPU.ActiveCfg = Release|Any CPU
		{A6196CEC-086A-468A-9E3C-74C6D16435DB}.Release|Any CPU.Build.0 = Release|Any CPU
		{4012510C-029F-4AA0-B1C5-13AFB763A848}.Debug|Any CPU.ActiveCfg = Debug|Any CPU
		{4012510C-029F-4AA0-B1C5-13AFB763A848}.Debug|Any CPU.Build.0 = Debug|Any CPU
		{4012510C-029F-4AA0-B1C5-13AFB763A848}.Release|Any CPU.ActiveCfg = Release|Any CPU
		{4012510C-029F-4AA0-B1C5-13AFB763A848}.Release|Any CPU.Build.0 = Release|Any CPU
		{D39DFEBF-C818-42AB-9B8A-EA080D102606}.Debug|Any CPU.ActiveCfg = Debug|Any CPU
		{D39DFEBF-C818-42AB-9B8A-EA080D102606}.Debug|Any CPU.Build.0 = Debug|Any CPU
		{D39DFEBF-C818-42AB-9B8A-EA080D102606}.Release|Any CPU.ActiveCfg = Release|Any CPU
		{D39DFEBF-C818-42AB-9B8A-EA080D102606}.Release|Any CPU.Build.0 = Release|Any CPU
		{FDFC28D4-8090-49B1-AD6F-8908D806F297}.Debug|Any CPU.ActiveCfg = Debug|Any CPU
		{FDFC28D4-8090-49B1-AD6F-8908D806F297}.Debug|Any CPU.Build.0 = Debug|Any CPU
		{FDFC28D4-8090-49B1-AD6F-8908D806F297}.Release|Any CPU.ActiveCfg = Release|Any CPU
		{FDFC28D4-8090-49B1-AD6F-8908D806F297}.Release|Any CPU.Build.0 = Release|Any CPU
		{AF9967E0-0C9A-4266-8AE2-84EEE180A255}.Debug|Any CPU.ActiveCfg = Debug|Any CPU
		{AF9967E0-0C9A-4266-8AE2-84EEE180A255}.Debug|Any CPU.Build.0 = Debug|Any CPU
		{AF9967E0-0C9A-4266-8AE2-84EEE180A255}.Release|Any CPU.ActiveCfg = Release|Any CPU
		{AF9967E0-0C9A-4266-8AE2-84EEE180A255}.Release|Any CPU.Build.0 = Release|Any CPU
		{DD10ADD2-A9FC-49F0-906A-396B7A44534E}.Debug|Any CPU.ActiveCfg = Debug|Any CPU
		{DD10ADD2-A9FC-49F0-906A-396B7A44534E}.Debug|Any CPU.Build.0 = Debug|Any CPU
		{DD10ADD2-A9FC-49F0-906A-396B7A44534E}.Debug|Any CPU.Deploy.0 = Debug|Any CPU
		{DD10ADD2-A9FC-49F0-906A-396B7A44534E}.Release|Any CPU.ActiveCfg = Release|Any CPU
		{DD10ADD2-A9FC-49F0-906A-396B7A44534E}.Release|Any CPU.Build.0 = Release|Any CPU
		{DD10ADD2-A9FC-49F0-906A-396B7A44534E}.Release|Any CPU.Deploy.0 = Release|Any CPU
		{CAA0AB3B-3128-4040-8A34-6D4FA4E6DAED}.Debug|Any CPU.ActiveCfg = Debug|Any CPU
		{CAA0AB3B-3128-4040-8A34-6D4FA4E6DAED}.Debug|Any CPU.Build.0 = Debug|Any CPU
		{CAA0AB3B-3128-4040-8A34-6D4FA4E6DAED}.Debug|Any CPU.Deploy.0 = Debug|Any CPU
		{CAA0AB3B-3128-4040-8A34-6D4FA4E6DAED}.Release|Any CPU.ActiveCfg = Release|Any CPU
		{CAA0AB3B-3128-4040-8A34-6D4FA4E6DAED}.Release|Any CPU.Build.0 = Release|Any CPU
		{CAA0AB3B-3128-4040-8A34-6D4FA4E6DAED}.Release|Any CPU.Deploy.0 = Release|Any CPU
		{51E64F18-5DED-4896-90A7-7F37794629FE}.Debug|Any CPU.ActiveCfg = Debug|Any CPU
		{51E64F18-5DED-4896-90A7-7F37794629FE}.Debug|Any CPU.Build.0 = Debug|Any CPU
		{51E64F18-5DED-4896-90A7-7F37794629FE}.Debug|Any CPU.Deploy.0 = Debug|Any CPU
		{51E64F18-5DED-4896-90A7-7F37794629FE}.Release|Any CPU.ActiveCfg = Release|Any CPU
		{51E64F18-5DED-4896-90A7-7F37794629FE}.Release|Any CPU.Build.0 = Release|Any CPU
		{51E64F18-5DED-4896-90A7-7F37794629FE}.Release|Any CPU.Deploy.0 = Release|Any CPU
		{9A54D5CE-7425-48BD-9344-5C907E8FAD1D}.Debug|Any CPU.ActiveCfg = Debug|Any CPU
		{9A54D5CE-7425-48BD-9344-5C907E8FAD1D}.Debug|Any CPU.Build.0 = Debug|Any CPU
		{9A54D5CE-7425-48BD-9344-5C907E8FAD1D}.Debug|Any CPU.Deploy.0 = Debug|Any CPU
		{9A54D5CE-7425-48BD-9344-5C907E8FAD1D}.Release|Any CPU.ActiveCfg = Release|Any CPU
		{9A54D5CE-7425-48BD-9344-5C907E8FAD1D}.Release|Any CPU.Build.0 = Release|Any CPU
		{9A54D5CE-7425-48BD-9344-5C907E8FAD1D}.Release|Any CPU.Deploy.0 = Release|Any CPU
		{BC1A086C-EE56-4323-BC51-F7590B2DBA1F}.Debug|Any CPU.ActiveCfg = Debug|Any CPU
		{BC1A086C-EE56-4323-BC51-F7590B2DBA1F}.Debug|Any CPU.Build.0 = Debug|Any CPU
		{BC1A086C-EE56-4323-BC51-F7590B2DBA1F}.Release|Any CPU.ActiveCfg = Release|Any CPU
		{BC1A086C-EE56-4323-BC51-F7590B2DBA1F}.Release|Any CPU.Build.0 = Release|Any CPU
	EndGlobalSection
	GlobalSection(SolutionProperties) = preSolution
		HideSolutionNode = FALSE
	EndGlobalSection
	GlobalSection(NestedProjects) = preSolution
		{79DC5373-B0EC-4C08-AB21-C37B0E691C82} = {643960D9-48C5-4EA3-BED5-486CCC694947}
		{3C834EBE-6B8C-4ED8-B552-8A51AA29691E} = {643960D9-48C5-4EA3-BED5-486CCC694947}
		{5AAC8FA4-52B4-4C5A-91A3-BB5CFDED8F2C} = {643960D9-48C5-4EA3-BED5-486CCC694947}
		{4E141F9C-3F7C-4312-B725-201919849E7D} = {613A1373-9A47-42DD-A076-7F310D0440B9}
		{59D4AEFD-FF4C-48A0-B7FE-51CD965DCD8E} = {643960D9-48C5-4EA3-BED5-486CCC694947}
		{E2641A2F-CFCF-4BBE-9409-90A136BD35F9} = {643960D9-48C5-4EA3-BED5-486CCC694947}
		{CD98B358-A5DD-4E3C-963E-69CADA485059} = {643960D9-48C5-4EA3-BED5-486CCC694947}
		{CC1D70BD-1FBD-491F-B85A-DA4B9CF08C05} = {613A1373-9A47-42DD-A076-7F310D0440B9}
		{DF4A58DA-8DD7-4E4C-9137-CA6FBA695F0B} = {643960D9-48C5-4EA3-BED5-486CCC694947}
		{6C5B31E5-3CAE-4B07-B7EA-5C08AC46D486} = {643960D9-48C5-4EA3-BED5-486CCC694947}
		{2385A145-8440-4B25-9029-B01576177D2D} = {643960D9-48C5-4EA3-BED5-486CCC694947}
		{5522D3E7-2AF3-4C6D-91D5-2BDA2F860F38} = {613A1373-9A47-42DD-A076-7F310D0440B9}
		{BFDCA639-03C0-4E7A-AEEA-79C4C016E6C9} = {643960D9-48C5-4EA3-BED5-486CCC694947}
		{6E025904-03D4-4010-A9AD-02B2A0F95200} = {643960D9-48C5-4EA3-BED5-486CCC694947}
		{C2CD0301-195C-4780-9BAF-0DCA9357BB76} = {643960D9-48C5-4EA3-BED5-486CCC694947}
		{433CA241-B811-4079-9C3C-5DF9726CC7F8} = {643960D9-48C5-4EA3-BED5-486CCC694947}
		{18A6983F-88C7-4CDC-91AD-B82BA0A22D6F} = {643960D9-48C5-4EA3-BED5-486CCC694947}
		{EB571641-DC02-435E-82B4-D00485F49392} = {643960D9-48C5-4EA3-BED5-486CCC694947}
		{CF1AA972-0F9F-4FEB-BF54-519D0067B3C1} = {643960D9-48C5-4EA3-BED5-486CCC694947}
		{B7AA6019-53F8-4239-BA70-36675267B24E} = {643960D9-48C5-4EA3-BED5-486CCC694947}
		{D260ADF3-9C2F-40BE-821D-859938E15EB4} = {643960D9-48C5-4EA3-BED5-486CCC694947}
		{10DDF041-7564-4009-B108-E87427CFC524} = {613A1373-9A47-42DD-A076-7F310D0440B9}
		{A1E3CF4C-271D-4FC7-86A2-604B41DA8CAB} = {613A1373-9A47-42DD-A076-7F310D0440B9}
		{C30917BF-E72B-4BED-8782-3CE246D556ED} = {613A1373-9A47-42DD-A076-7F310D0440B9}
		{219BD076-9F23-4926-ADC9-8076E5D7A487} = {643960D9-48C5-4EA3-BED5-486CCC694947}
		{27B9E8A1-3CD2-4DCE-A9D9-76ACDBA5A63B} = {613A1373-9A47-42DD-A076-7F310D0440B9}
		{1E076795-E6B5-4620-B006-6BF5AE9CD5EA} = {643960D9-48C5-4EA3-BED5-486CCC694947}
		{3F69A2FA-0DC2-45B7-AA46-6A99CE9CBD53} = {643960D9-48C5-4EA3-BED5-486CCC694947}
		{F29C9080-A97C-42C7-AB2B-F0D1EA431EC5} = {643960D9-48C5-4EA3-BED5-486CCC694947}
		{BA6B3853-FB1D-4164-8B9C-D1F8F2CB54B9} = {643960D9-48C5-4EA3-BED5-486CCC694947}
		{B93E28CD-0ECD-4827-B474-9FD64585E850} = {613A1373-9A47-42DD-A076-7F310D0440B9}
		{06EF655C-5DD7-4415-A8B5-7578FC85F5B0} = {643960D9-48C5-4EA3-BED5-486CCC694947}
		{66D58583-A0A9-4666-A250-7E34299A031A} = {643960D9-48C5-4EA3-BED5-486CCC694947}
		{D304A4FA-3773-4BB6-A59B-D75B91BA6EF9} = {643960D9-48C5-4EA3-BED5-486CCC694947}
		{2D87BC5B-FB1E-4D18-9BC3-B7ED78CC3CF1} = {643960D9-48C5-4EA3-BED5-486CCC694947}
		{12ABEA48-F314-4044-9753-426B5FC01F3C} = {643960D9-48C5-4EA3-BED5-486CCC694947}
		{A6196CEC-086A-468A-9E3C-74C6D16435DB} = {643960D9-48C5-4EA3-BED5-486CCC694947}
		{4012510C-029F-4AA0-B1C5-13AFB763A848} = {643960D9-48C5-4EA3-BED5-486CCC694947}
		{D39DFEBF-C818-42AB-9B8A-EA080D102606} = {613A1373-9A47-42DD-A076-7F310D0440B9}
		{FDFC28D4-8090-49B1-AD6F-8908D806F297} = {643960D9-48C5-4EA3-BED5-486CCC694947}
		{AF9967E0-0C9A-4266-8AE2-84EEE180A255} = {643960D9-48C5-4EA3-BED5-486CCC694947}
		{DD10ADD2-A9FC-49F0-906A-396B7A44534E} = {643960D9-48C5-4EA3-BED5-486CCC694947}
		{CAA0AB3B-3128-4040-8A34-6D4FA4E6DAED} = {643960D9-48C5-4EA3-BED5-486CCC694947}
		{51E64F18-5DED-4896-90A7-7F37794629FE} = {643960D9-48C5-4EA3-BED5-486CCC694947}
		{9A54D5CE-7425-48BD-9344-5C907E8FAD1D} = {643960D9-48C5-4EA3-BED5-486CCC694947}
		{BC1A086C-EE56-4323-BC51-F7590B2DBA1F} = {613A1373-9A47-42DD-A076-7F310D0440B9}
	EndGlobalSection
	GlobalSection(ExtensibilityGlobals) = postSolution
		SolutionGuid = {C2B9151E-8A85-444E-93A9-78264FD0FE4A}
	EndGlobalSection
EndGlobal
