
Microsoft Visual Studio Solution File, Format Version 12.00
# Visual Studio Version 16
VisualStudioVersion = 16.0.30503.244
MinimumVisualStudioVersion = 10.0.40219.1
Project("{2150E333-8FDC-42A3-9474-1A3956D46DE8}") = "src", "src", "{A5FCCBDF-732A-4B58-B27D-D4C52BC56585}"
EndProject
Project("{2150E333-8FDC-42A3-9474-1A3956D46DE8}") = "samples", "samples", "{F58CBCA2-E9B6-40F9-BE00-696FFB4871F9}"
EndProject
Project("{9A19103F-16F7-4668-BE54-9A1E7A4F7556}") = "Indice.Identity", "samples\Indice.Identity\Indice.Identity.csproj", "{55425A1E-7F0C-4A9A-A444-4046B4F9FE61}"
EndProject
Project("{9A19103F-16F7-4668-BE54-9A1E7A4F7556}") = "Indice.BackgroundTasks", "src\Indice.BackgroundTasks\Indice.BackgroundTasks.csproj", "{5679D3D1-0A63-42C5-BB31-AE175D963FB4}"
EndProject
Project("{9A19103F-16F7-4668-BE54-9A1E7A4F7556}") = "Indice.BackgroundTasks.AspNetCore", "src\Indice.BackgroundTasks.AspNetCore\Indice.BackgroundTasks.AspNetCore.csproj", "{242C833A-3234-42A5-9D84-E5926B008EA2}"
EndProject
Project("{9A19103F-16F7-4668-BE54-9A1E7A4F7556}") = "Indice.Hosting", "src\Indice.Hosting\Indice.Hosting.csproj", "{84983B92-A26C-493B-92B9-EC431B1CD788}"
EndProject
Global
	GlobalSection(SolutionConfigurationPlatforms) = preSolution
		Debug|Any CPU = Debug|Any CPU
		Release|Any CPU = Release|Any CPU
	EndGlobalSection
	GlobalSection(ProjectConfigurationPlatforms) = postSolution
		{55425A1E-7F0C-4A9A-A444-4046B4F9FE61}.Debug|Any CPU.ActiveCfg = Debug|Any CPU
		{55425A1E-7F0C-4A9A-A444-4046B4F9FE61}.Debug|Any CPU.Build.0 = Debug|Any CPU
		{55425A1E-7F0C-4A9A-A444-4046B4F9FE61}.Release|Any CPU.ActiveCfg = Release|Any CPU
		{55425A1E-7F0C-4A9A-A444-4046B4F9FE61}.Release|Any CPU.Build.0 = Release|Any CPU
		{5679D3D1-0A63-42C5-BB31-AE175D963FB4}.Debug|Any CPU.ActiveCfg = Debug|Any CPU
		{5679D3D1-0A63-42C5-BB31-AE175D963FB4}.Debug|Any CPU.Build.0 = Debug|Any CPU
		{5679D3D1-0A63-42C5-BB31-AE175D963FB4}.Release|Any CPU.ActiveCfg = Release|Any CPU
		{5679D3D1-0A63-42C5-BB31-AE175D963FB4}.Release|Any CPU.Build.0 = Release|Any CPU
		{242C833A-3234-42A5-9D84-E5926B008EA2}.Debug|Any CPU.ActiveCfg = Debug|Any CPU
		{242C833A-3234-42A5-9D84-E5926B008EA2}.Debug|Any CPU.Build.0 = Debug|Any CPU
		{242C833A-3234-42A5-9D84-E5926B008EA2}.Release|Any CPU.ActiveCfg = Release|Any CPU
		{242C833A-3234-42A5-9D84-E5926B008EA2}.Release|Any CPU.Build.0 = Release|Any CPU
		{84983B92-A26C-493B-92B9-EC431B1CD788}.Debug|Any CPU.ActiveCfg = Debug|Any CPU
		{84983B92-A26C-493B-92B9-EC431B1CD788}.Debug|Any CPU.Build.0 = Debug|Any CPU
		{84983B92-A26C-493B-92B9-EC431B1CD788}.Release|Any CPU.ActiveCfg = Release|Any CPU
		{84983B92-A26C-493B-92B9-EC431B1CD788}.Release|Any CPU.Build.0 = Release|Any CPU
	EndGlobalSection
	GlobalSection(SolutionProperties) = preSolution
		HideSolutionNode = FALSE
	EndGlobalSection
	GlobalSection(NestedProjects) = preSolution
		{55425A1E-7F0C-4A9A-A444-4046B4F9FE61} = {F58CBCA2-E9B6-40F9-BE00-696FFB4871F9}
		{5679D3D1-0A63-42C5-BB31-AE175D963FB4} = {A5FCCBDF-732A-4B58-B27D-D4C52BC56585}
		{242C833A-3234-42A5-9D84-E5926B008EA2} = {A5FCCBDF-732A-4B58-B27D-D4C52BC56585}
		{84983B92-A26C-493B-92B9-EC431B1CD788} = {A5FCCBDF-732A-4B58-B27D-D4C52BC56585}
	EndGlobalSection
	GlobalSection(ExtensibilityGlobals) = postSolution
		SolutionGuid = {94B1DD98-9079-4F77-9987-B2AA9509F30B}
	EndGlobalSection
EndGlobal
