
Microsoft Visual Studio Solution File, Format Version 12.00
# Visual Studio Version 16
VisualStudioVersion = 16.0.28803.452
MinimumVisualStudioVersion = 10.0.40219.1
Project("{9A19103F-16F7-4668-BE54-9A1E7A4F7556}") = "Indice.AspNet", "src\Indice.AspNet\Indice.AspNet.csproj", "{79DC5373-B0EC-4C08-AB21-C37B0E691C82}"
EndProject
Project("{2150E333-8FDC-42A3-9474-1A3956D46DE8}") = "Solution Items", "Solution Items", "{B8EB253B-A436-4F17-BFFC-C0E975FB0D48}"
	ProjectSection(SolutionItems) = preProject
		appveyor.yml = appveyor.yml
		LICENSE = LICENSE
		README.md = README.md
	EndProjectSection
EndProject
Project("{9A19103F-16F7-4668-BE54-9A1E7A4F7556}") = "Indice.AspNetCore", "src\Indice.AspNetCore\Indice.AspNetCore.csproj", "{3C834EBE-6B8C-4ED8-B552-8A51AA29691E}"
EndProject
Project("{9A19103F-16F7-4668-BE54-9A1E7A4F7556}") = "Indice.Common", "src\Indice.Common\Indice.Common.csproj", "{5AAC8FA4-52B4-4C5A-91A3-BB5CFDED8F2C}"
EndProject
Project("{9A19103F-16F7-4668-BE54-9A1E7A4F7556}") = "Indice.Common.Tests", "test\Indice.Common.Tests\Indice.Common.Tests.csproj", "{4E141F9C-3F7C-4312-B725-201919849E7D}"
EndProject
Project("{2150E333-8FDC-42A3-9474-1A3956D46DE8}") = "test", "test", "{613A1373-9A47-42DD-A076-7F310D0440B9}"
EndProject
Project("{2150E333-8FDC-42A3-9474-1A3956D46DE8}") = "src", "src", "{643960D9-48C5-4EA3-BED5-486CCC694947}"
EndProject
Project("{9A19103F-16F7-4668-BE54-9A1E7A4F7556}") = "Indice.Services", "src\Indice.Services\Indice.Services.csproj", "{59D4AEFD-FF4C-48A0-B7FE-51CD965DCD8E}"
EndProject
Project("{9A19103F-16F7-4668-BE54-9A1E7A4F7556}") = "Indice.AspNetCore.Identity", "src\Indice.AspNetCore.Identity\Indice.AspNetCore.Identity.csproj", "{E2641A2F-CFCF-4BBE-9409-90A136BD35F9}"
EndProject
Project("{2150E333-8FDC-42A3-9474-1A3956D46DE8}") = "samples", "samples", "{09C5F009-8096-498D-A578-511456E53E65}"
EndProject
Project("{9A19103F-16F7-4668-BE54-9A1E7A4F7556}") = "Indice.Identity", "samples\Indice.Identity\Indice.Identity.csproj", "{9EF8EC1B-EA1A-4E74-8D7E-13F90EE6DE3C}"
EndProject
Project("{9A19103F-16F7-4668-BE54-9A1E7A4F7556}") = "ResourceOwnerPasswordFlow", "samples\ResourceOwnerPasswordFlow\ResourceOwnerPasswordFlow.csproj", "{0B1595C5-12ED-48BB-BCE5-CC9B723095AD}"
EndProject
Project("{9A19103F-16F7-4668-BE54-9A1E7A4F7556}") = "CodeFlowInlineFrame", "samples\CodeFlowInlineFrame\CodeFlowInlineFrame.csproj", "{3D6037FB-E459-4856-B43B-B6D70885D5B7}"
EndProject
Project("{9A19103F-16F7-4668-BE54-9A1E7A4F7556}") = "Indice.EntityFrameworkCore", "src\Indice.EntityFrameworkCore\Indice.EntityFrameworkCore.csproj", "{CD98B358-A5DD-4E3C-963E-69CADA485059}"
EndProject
Project("{9A19103F-16F7-4668-BE54-9A1E7A4F7556}") = "Indice.Services.Tests", "test\Indice.Services.Tests\Indice.Services.Tests.csproj", "{CC1D70BD-1FBD-491F-B85A-DA4B9CF08C05}"
EndProject
Project("{9A19103F-16F7-4668-BE54-9A1E7A4F7556}") = "Indice.BackgroundTasks", "src\Indice.BackgroundTasks\Indice.BackgroundTasks.csproj", "{01801564-1ACE-421F-BF52-EC35849B87EF}"
EndProject
Project("{9A19103F-16F7-4668-BE54-9A1E7A4F7556}") = "Indice.BackgroundTasks.AspNetCore", "src\Indice.BackgroundTasks.AspNetCore\Indice.BackgroundTasks.AspNetCore.csproj", "{109996C9-3B48-489A-8D44-4BB480288A27}"
EndProject
Project("{9A19103F-16F7-4668-BE54-9A1E7A4F7556}") = "Indice.Hosting", "src\Indice.Hosting\Indice.Hosting.csproj", "{DF4A58DA-8DD7-4E4C-9137-CA6FBA695F0B}"
EndProject
Global
	GlobalSection(SolutionConfigurationPlatforms) = preSolution
		Debug|Any CPU = Debug|Any CPU
		Release|Any CPU = Release|Any CPU
	EndGlobalSection
	GlobalSection(ProjectConfigurationPlatforms) = postSolution
		{79DC5373-B0EC-4C08-AB21-C37B0E691C82}.Debug|Any CPU.ActiveCfg = Debug|Any CPU
		{79DC5373-B0EC-4C08-AB21-C37B0E691C82}.Debug|Any CPU.Build.0 = Debug|Any CPU
		{79DC5373-B0EC-4C08-AB21-C37B0E691C82}.Release|Any CPU.ActiveCfg = Release|Any CPU
		{79DC5373-B0EC-4C08-AB21-C37B0E691C82}.Release|Any CPU.Build.0 = Release|Any CPU
		{3C834EBE-6B8C-4ED8-B552-8A51AA29691E}.Debug|Any CPU.ActiveCfg = Debug|Any CPU
		{3C834EBE-6B8C-4ED8-B552-8A51AA29691E}.Debug|Any CPU.Build.0 = Debug|Any CPU
		{3C834EBE-6B8C-4ED8-B552-8A51AA29691E}.Release|Any CPU.ActiveCfg = Release|Any CPU
		{3C834EBE-6B8C-4ED8-B552-8A51AA29691E}.Release|Any CPU.Build.0 = Release|Any CPU
		{5AAC8FA4-52B4-4C5A-91A3-BB5CFDED8F2C}.Debug|Any CPU.ActiveCfg = Debug|Any CPU
		{5AAC8FA4-52B4-4C5A-91A3-BB5CFDED8F2C}.Debug|Any CPU.Build.0 = Debug|Any CPU
		{5AAC8FA4-52B4-4C5A-91A3-BB5CFDED8F2C}.Release|Any CPU.ActiveCfg = Release|Any CPU
		{5AAC8FA4-52B4-4C5A-91A3-BB5CFDED8F2C}.Release|Any CPU.Build.0 = Release|Any CPU
		{4E141F9C-3F7C-4312-B725-201919849E7D}.Debug|Any CPU.ActiveCfg = Debug|Any CPU
		{4E141F9C-3F7C-4312-B725-201919849E7D}.Debug|Any CPU.Build.0 = Debug|Any CPU
		{4E141F9C-3F7C-4312-B725-201919849E7D}.Release|Any CPU.ActiveCfg = Release|Any CPU
		{4E141F9C-3F7C-4312-B725-201919849E7D}.Release|Any CPU.Build.0 = Release|Any CPU
		{59D4AEFD-FF4C-48A0-B7FE-51CD965DCD8E}.Debug|Any CPU.ActiveCfg = Debug|Any CPU
		{59D4AEFD-FF4C-48A0-B7FE-51CD965DCD8E}.Debug|Any CPU.Build.0 = Debug|Any CPU
		{59D4AEFD-FF4C-48A0-B7FE-51CD965DCD8E}.Release|Any CPU.ActiveCfg = Release|Any CPU
		{59D4AEFD-FF4C-48A0-B7FE-51CD965DCD8E}.Release|Any CPU.Build.0 = Release|Any CPU
		{E2641A2F-CFCF-4BBE-9409-90A136BD35F9}.Debug|Any CPU.ActiveCfg = Debug|Any CPU
		{E2641A2F-CFCF-4BBE-9409-90A136BD35F9}.Debug|Any CPU.Build.0 = Debug|Any CPU
		{E2641A2F-CFCF-4BBE-9409-90A136BD35F9}.Release|Any CPU.ActiveCfg = Release|Any CPU
		{E2641A2F-CFCF-4BBE-9409-90A136BD35F9}.Release|Any CPU.Build.0 = Release|Any CPU
		{9EF8EC1B-EA1A-4E74-8D7E-13F90EE6DE3C}.Debug|Any CPU.ActiveCfg = Debug|Any CPU
		{9EF8EC1B-EA1A-4E74-8D7E-13F90EE6DE3C}.Debug|Any CPU.Build.0 = Debug|Any CPU
		{9EF8EC1B-EA1A-4E74-8D7E-13F90EE6DE3C}.Release|Any CPU.ActiveCfg = Release|Any CPU
		{9EF8EC1B-EA1A-4E74-8D7E-13F90EE6DE3C}.Release|Any CPU.Build.0 = Release|Any CPU
		{0B1595C5-12ED-48BB-BCE5-CC9B723095AD}.Debug|Any CPU.ActiveCfg = Debug|Any CPU
		{0B1595C5-12ED-48BB-BCE5-CC9B723095AD}.Debug|Any CPU.Build.0 = Debug|Any CPU
		{0B1595C5-12ED-48BB-BCE5-CC9B723095AD}.Release|Any CPU.ActiveCfg = Release|Any CPU
		{0B1595C5-12ED-48BB-BCE5-CC9B723095AD}.Release|Any CPU.Build.0 = Release|Any CPU
		{3D6037FB-E459-4856-B43B-B6D70885D5B7}.Debug|Any CPU.ActiveCfg = Debug|Any CPU
		{3D6037FB-E459-4856-B43B-B6D70885D5B7}.Debug|Any CPU.Build.0 = Debug|Any CPU
		{3D6037FB-E459-4856-B43B-B6D70885D5B7}.Release|Any CPU.ActiveCfg = Release|Any CPU
		{3D6037FB-E459-4856-B43B-B6D70885D5B7}.Release|Any CPU.Build.0 = Release|Any CPU
		{CD98B358-A5DD-4E3C-963E-69CADA485059}.Debug|Any CPU.ActiveCfg = Debug|Any CPU
		{CD98B358-A5DD-4E3C-963E-69CADA485059}.Debug|Any CPU.Build.0 = Debug|Any CPU
		{CD98B358-A5DD-4E3C-963E-69CADA485059}.Release|Any CPU.ActiveCfg = Release|Any CPU
		{CD98B358-A5DD-4E3C-963E-69CADA485059}.Release|Any CPU.Build.0 = Release|Any CPU
		{CC1D70BD-1FBD-491F-B85A-DA4B9CF08C05}.Debug|Any CPU.ActiveCfg = Debug|Any CPU
		{CC1D70BD-1FBD-491F-B85A-DA4B9CF08C05}.Debug|Any CPU.Build.0 = Debug|Any CPU
		{CC1D70BD-1FBD-491F-B85A-DA4B9CF08C05}.Release|Any CPU.ActiveCfg = Release|Any CPU
		{CC1D70BD-1FBD-491F-B85A-DA4B9CF08C05}.Release|Any CPU.Build.0 = Release|Any CPU
		{01801564-1ACE-421F-BF52-EC35849B87EF}.Debug|Any CPU.ActiveCfg = Debug|Any CPU
		{01801564-1ACE-421F-BF52-EC35849B87EF}.Debug|Any CPU.Build.0 = Debug|Any CPU
		{01801564-1ACE-421F-BF52-EC35849B87EF}.Release|Any CPU.ActiveCfg = Release|Any CPU
		{01801564-1ACE-421F-BF52-EC35849B87EF}.Release|Any CPU.Build.0 = Release|Any CPU
		{109996C9-3B48-489A-8D44-4BB480288A27}.Debug|Any CPU.ActiveCfg = Debug|Any CPU
		{109996C9-3B48-489A-8D44-4BB480288A27}.Debug|Any CPU.Build.0 = Debug|Any CPU
		{109996C9-3B48-489A-8D44-4BB480288A27}.Release|Any CPU.ActiveCfg = Release|Any CPU
		{109996C9-3B48-489A-8D44-4BB480288A27}.Release|Any CPU.Build.0 = Release|Any CPU
		{DF4A58DA-8DD7-4E4C-9137-CA6FBA695F0B}.Debug|Any CPU.ActiveCfg = Debug|Any CPU
		{DF4A58DA-8DD7-4E4C-9137-CA6FBA695F0B}.Debug|Any CPU.Build.0 = Debug|Any CPU
		{DF4A58DA-8DD7-4E4C-9137-CA6FBA695F0B}.Release|Any CPU.ActiveCfg = Release|Any CPU
		{DF4A58DA-8DD7-4E4C-9137-CA6FBA695F0B}.Release|Any CPU.Build.0 = Release|Any CPU
	EndGlobalSection
	GlobalSection(SolutionProperties) = preSolution
		HideSolutionNode = FALSE
	EndGlobalSection
	GlobalSection(NestedProjects) = preSolution
		{79DC5373-B0EC-4C08-AB21-C37B0E691C82} = {643960D9-48C5-4EA3-BED5-486CCC694947}
		{3C834EBE-6B8C-4ED8-B552-8A51AA29691E} = {643960D9-48C5-4EA3-BED5-486CCC694947}
		{5AAC8FA4-52B4-4C5A-91A3-BB5CFDED8F2C} = {643960D9-48C5-4EA3-BED5-486CCC694947}
		{4E141F9C-3F7C-4312-B725-201919849E7D} = {613A1373-9A47-42DD-A076-7F310D0440B9}
		{59D4AEFD-FF4C-48A0-B7FE-51CD965DCD8E} = {643960D9-48C5-4EA3-BED5-486CCC694947}
		{E2641A2F-CFCF-4BBE-9409-90A136BD35F9} = {643960D9-48C5-4EA3-BED5-486CCC694947}
		{9EF8EC1B-EA1A-4E74-8D7E-13F90EE6DE3C} = {09C5F009-8096-498D-A578-511456E53E65}
		{0B1595C5-12ED-48BB-BCE5-CC9B723095AD} = {09C5F009-8096-498D-A578-511456E53E65}
		{3D6037FB-E459-4856-B43B-B6D70885D5B7} = {09C5F009-8096-498D-A578-511456E53E65}
		{CD98B358-A5DD-4E3C-963E-69CADA485059} = {643960D9-48C5-4EA3-BED5-486CCC694947}
		{CC1D70BD-1FBD-491F-B85A-DA4B9CF08C05} = {613A1373-9A47-42DD-A076-7F310D0440B9}
		{01801564-1ACE-421F-BF52-EC35849B87EF} = {643960D9-48C5-4EA3-BED5-486CCC694947}
		{109996C9-3B48-489A-8D44-4BB480288A27} = {643960D9-48C5-4EA3-BED5-486CCC694947}
		{DF4A58DA-8DD7-4E4C-9137-CA6FBA695F0B} = {643960D9-48C5-4EA3-BED5-486CCC694947}
	EndGlobalSection
	GlobalSection(ExtensibilityGlobals) = postSolution
		SolutionGuid = {C2B9151E-8A85-444E-93A9-78264FD0FE4A}
	EndGlobalSection
EndGlobal
